// !$*UTF8*$!
{
	archiveVersion = 1;
	classes = {
	};
	objectVersion = 55;
	objects = {

/* Begin PBXBuildFile section */
		912DE3242811F9280020B414 /* AppDelegate.swift in Sources */ = {isa = PBXBuildFile; fileRef = 912DE3232811F9280020B414 /* AppDelegate.swift */; };
		912DE3262811F9280020B414 /* SceneDelegate.swift in Sources */ = {isa = PBXBuildFile; fileRef = 912DE3252811F9280020B414 /* SceneDelegate.swift */; };
		912DE32B2811F9280020B414 /* Main.storyboard in Resources */ = {isa = PBXBuildFile; fileRef = 912DE3292811F9280020B414 /* Main.storyboard */; };
		912DE32E2811F9280020B414 /* NoteBookSchool.xcdatamodeld in Sources */ = {isa = PBXBuildFile; fileRef = 912DE32C2811F9280020B414 /* NoteBookSchool.xcdatamodeld */; };
		912DE3302811F9280020B414 /* Assets.xcassets in Resources */ = {isa = PBXBuildFile; fileRef = 912DE32F2811F9280020B414 /* Assets.xcassets */; };
		912DE3332811F9280020B414 /* LaunchScreen.storyboard in Resources */ = {isa = PBXBuildFile; fileRef = 912DE3312811F9280020B414 /* LaunchScreen.storyboard */; };
		912DE33B2811F96E0020B414 /* NoteBookViewController.swift in Sources */ = {isa = PBXBuildFile; fileRef = 912DE33A2811F96E0020B414 /* NoteBookViewController.swift */; };
		913488512836300D0023E447 /* NewNoteViewController.swift in Sources */ = {isa = PBXBuildFile; fileRef = 913488502836300D0023E447 /* NewNoteViewController.swift */; };
		91697E4D2814B67A007081E6 /* NoteBookCell.swift in Sources */ = {isa = PBXBuildFile; fileRef = 91697E4C2814B67A007081E6 /* NoteBookCell.swift */; };
		916BF31F282F801B002929E5 /* DetailsNoteViewController.swift in Sources */ = {isa = PBXBuildFile; fileRef = 916BF31E282F801B002929E5 /* DetailsNoteViewController.swift */; };
		91EA57C9282B761A00EEB310 /* NoteBook.swift in Sources */ = {isa = PBXBuildFile; fileRef = 91EA57C8282B761A00EEB310 /* NoteBook.swift */; };
/* End PBXBuildFile section */

/* Begin PBXFileReference section */
		912DE3202811F9280020B414 /* NoteBookSchool.app */ = {isa = PBXFileReference; explicitFileType = wrapper.application; includeInIndex = 0; path = NoteBookSchool.app; sourceTree = BUILT_PRODUCTS_DIR; };
		912DE3232811F9280020B414 /* AppDelegate.swift */ = {isa = PBXFileReference; lastKnownFileType = sourcecode.swift; path = AppDelegate.swift; sourceTree = "<group>"; };
		912DE3252811F9280020B414 /* SceneDelegate.swift */ = {isa = PBXFileReference; lastKnownFileType = sourcecode.swift; path = SceneDelegate.swift; sourceTree = "<group>"; };
		912DE32A2811F9280020B414 /* Base */ = {isa = PBXFileReference; lastKnownFileType = file.storyboard; name = Base; path = Base.lproj/Main.storyboard; sourceTree = "<group>"; };
		912DE32D2811F9280020B414 /* NoteBookSchool.xcdatamodel */ = {isa = PBXFileReference; lastKnownFileType = wrapper.xcdatamodel; path = NoteBookSchool.xcdatamodel; sourceTree = "<group>"; };
		912DE32F2811F9280020B414 /* Assets.xcassets */ = {isa = PBXFileReference; lastKnownFileType = folder.assetcatalog; path = Assets.xcassets; sourceTree = "<group>"; };
		912DE3322811F9280020B414 /* Base */ = {isa = PBXFileReference; lastKnownFileType = file.storyboard; name = Base; path = Base.lproj/LaunchScreen.storyboard; sourceTree = "<group>"; };
		912DE3342811F9280020B414 /* Info.plist */ = {isa = PBXFileReference; lastKnownFileType = text.plist.xml; path = Info.plist; sourceTree = "<group>"; };
		912DE33A2811F96E0020B414 /* NoteBookViewController.swift */ = {isa = PBXFileReference; lastKnownFileType = sourcecode.swift; path = NoteBookViewController.swift; sourceTree = "<group>"; };
		913488502836300D0023E447 /* NewNoteViewController.swift */ = {isa = PBXFileReference; lastKnownFileType = sourcecode.swift; path = NewNoteViewController.swift; sourceTree = "<group>"; };
		91697E4C2814B67A007081E6 /* NoteBookCell.swift */ = {isa = PBXFileReference; lastKnownFileType = sourcecode.swift; path = NoteBookCell.swift; sourceTree = "<group>"; };
		916BF31E282F801B002929E5 /* DetailsNoteViewController.swift */ = {isa = PBXFileReference; lastKnownFileType = sourcecode.swift; path = DetailsNoteViewController.swift; sourceTree = "<group>"; };
		91EA57C8282B761A00EEB310 /* NoteBook.swift */ = {isa = PBXFileReference; lastKnownFileType = sourcecode.swift; path = NoteBook.swift; sourceTree = "<group>"; };
/* End PBXFileReference section */

/* Begin PBXFrameworksBuildPhase section */
		912DE31D2811F9280020B414 /* Frameworks */ = {
			isa = PBXFrameworksBuildPhase;
			buildActionMask = 2147483647;
			files = (
			);
			runOnlyForDeploymentPostprocessing = 0;
		};
/* End PBXFrameworksBuildPhase section */

/* Begin PBXGroup section */
		912DE3172811F9280020B414 = {
			isa = PBXGroup;
			children = (
				912DE3222811F9280020B414 /* NoteBookSchool */,
				912DE3212811F9280020B414 /* Products */,
			);
			sourceTree = "<group>";
		};
		912DE3212811F9280020B414 /* Products */ = {
			isa = PBXGroup;
			children = (
				912DE3202811F9280020B414 /* NoteBookSchool.app */,
			);
			name = Products;
			sourceTree = "<group>";
		};
		912DE3222811F9280020B414 /* NoteBookSchool */ = {
			isa = PBXGroup;
			children = (
				912DE3232811F9280020B414 /* AppDelegate.swift */,
				912DE3252811F9280020B414 /* SceneDelegate.swift */,
				912DE3292811F9280020B414 /* Main.storyboard */,
				913488502836300D0023E447 /* NewNoteViewController.swift */,
				916BF31E282F801B002929E5 /* DetailsNoteViewController.swift */,
				912DE33A2811F96E0020B414 /* NoteBookViewController.swift */,
				91EA57C8282B761A00EEB310 /* NoteBook.swift */,
				91697E4C2814B67A007081E6 /* NoteBookCell.swift */,
				912DE32F2811F9280020B414 /* Assets.xcassets */,
				912DE3312811F9280020B414 /* LaunchScreen.storyboard */,
				912DE3342811F9280020B414 /* Info.plist */,
				912DE32C2811F9280020B414 /* NoteBookSchool.xcdatamodeld */,
			);
			path = NoteBookSchool;
			sourceTree = "<group>";
		};
/* End PBXGroup section */

/* Begin PBXNativeTarget section */
		912DE31F2811F9280020B414 /* NoteBookSchool */ = {
			isa = PBXNativeTarget;
			buildConfigurationList = 912DE3372811F9280020B414 /* Build configuration list for PBXNativeTarget "NoteBookSchool" */;
			buildPhases = (
				912DE31C2811F9280020B414 /* Sources */,
				912DE31D2811F9280020B414 /* Frameworks */,
				912DE31E2811F9280020B414 /* Resources */,
			);
			buildRules = (
			);
			dependencies = (
			);
			name = NoteBookSchool;
			productName = NoteBookSchool;
			productReference = 912DE3202811F9280020B414 /* NoteBookSchool.app */;
			productType = "com.apple.product-type.application";
		};
/* End PBXNativeTarget section */

/* Begin PBXProject section */
		912DE3182811F9280020B414 /* Project object */ = {
			isa = PBXProject;
			attributes = {
				BuildIndependentTargetsInParallel = 1;
				LastSwiftUpdateCheck = 1320;
				LastUpgradeCheck = 1320;
				TargetAttributes = {
					912DE31F2811F9280020B414 = {
						CreatedOnToolsVersion = 13.2.1;
					};
				};
			};
			buildConfigurationList = 912DE31B2811F9280020B414 /* Build configuration list for PBXProject "NoteBookSchool" */;
			compatibilityVersion = "Xcode 13.0";
			developmentRegion = en;
			hasScannedForEncodings = 0;
			knownRegions = (
				en,
				Base,
			);
			mainGroup = 912DE3172811F9280020B414;
			productRefGroup = 912DE3212811F9280020B414 /* Products */;
			projectDirPath = "";
			projectRoot = "";
			targets = (
				912DE31F2811F9280020B414 /* NoteBookSchool */,
			);
		};
/* End PBXProject section */

/* Begin PBXResourcesBuildPhase section */
		912DE31E2811F9280020B414 /* Resources */ = {
			isa = PBXResourcesBuildPhase;
			buildActionMask = 2147483647;
			files = (
				912DE3332811F9280020B414 /* LaunchScreen.storyboard in Resources */,
				912DE3302811F9280020B414 /* Assets.xcassets in Resources */,
				912DE32B2811F9280020B414 /* Main.storyboard in Resources */,
			);
			runOnlyForDeploymentPostprocessing = 0;
		};
/* End PBXResourcesBuildPhase section */

/* Begin PBXSourcesBuildPhase section */
		912DE31C2811F9280020B414 /* Sources */ = {
			isa = PBXSourcesBuildPhase;
			buildActionMask = 2147483647;
			files = (
				912DE32E2811F9280020B414 /* NoteBookSchool.xcdatamodeld in Sources */,
				912DE3242811F9280020B414 /* AppDelegate.swift in Sources */,
				91EA57C9282B761A00EEB310 /* NoteBook.swift in Sources */,
				912DE3262811F9280020B414 /* SceneDelegate.swift in Sources */,
				91697E4D2814B67A007081E6 /* NoteBookCell.swift in Sources */,
				913488512836300D0023E447 /* NewNoteViewController.swift in Sources */,
				916BF31F282F801B002929E5 /* DetailsNoteViewController.swift in Sources */,
				912DE33B2811F96E0020B414 /* NoteBookViewController.swift in Sources */,
			);
			runOnlyForDeploymentPostprocessing = 0;
		};
/* End PBXSourcesBuildPhase section */

/* Begin PBXVariantGroup section */
		912DE3292811F9280020B414 /* Main.storyboard */ = {
			isa = PBXVariantGroup;
			children = (
				912DE32A2811F9280020B414 /* Base */,
			);
			name = Main.storyboard;
			sourceTree = "<group>";
		};
		912DE3312811F9280020B414 /* LaunchScreen.storyboard */ = {
			isa = PBXVariantGroup;
			children = (
				912DE3322811F9280020B414 /* Base */,
			);
			name = LaunchScreen.storyboard;
			sourceTree = "<group>";
		};
/* End PBXVariantGroup section */

/* Begin XCBuildConfiguration section */
		912DE3352811F9280020B414 /* Debug */ = {
			isa = XCBuildConfiguration;
			buildSettings = {
				ALWAYS_SEARCH_USER_PATHS = NO;
				CLANG_ANALYZER_NONNULL = YES;
				CLANG_ANALYZER_NUMBER_OBJECT_CONVERSION = YES_AGGRESSIVE;
				CLANG_CXX_LANGUAGE_STANDARD = "gnu++17";
				CLANG_CXX_LIBRARY = "libc++";
				CLANG_ENABLE_MODULES = YES;
				CLANG_ENABLE_OBJC_ARC = YES;
				CLANG_ENABLE_OBJC_WEAK = YES;
				CLANG_WARN_BLOCK_CAPTURE_AUTORELEASING = YES;
				CLANG_WARN_BOOL_CONVERSION = YES;
				CLANG_WARN_COMMA = YES;
				CLANG_WARN_CONSTANT_CONVERSION = YES;
				CLANG_WARN_DEPRECATED_OBJC_IMPLEMENTATIONS = YES;
				CLANG_WARN_DIRECT_OBJC_ISA_USAGE = YES_ERROR;
				CLANG_WARN_DOCUMENTATION_COMMENTS = YES;
				CLANG_WARN_EMPTY_BODY = YES;
				CLANG_WARN_ENUM_CONVERSION = YES;
				CLANG_WARN_INFINITE_RECURSION = YES;
				CLANG_WARN_INT_CONVERSION = YES;
				CLANG_WARN_NON_LITERAL_NULL_CONVERSION = YES;
				CLANG_WARN_OBJC_IMPLICIT_RETAIN_SELF = YES;
				CLANG_WARN_OBJC_LITERAL_CONVERSION = YES;
				CLANG_WARN_OBJC_ROOT_CLASS = YES_ERROR;
				CLANG_WARN_QUOTED_INCLUDE_IN_FRAMEWORK_HEADER = YES;
				CLANG_WARN_RANGE_LOOP_ANALYSIS = YES;
				CLANG_WARN_STRICT_PROTOTYPES = YES;
				CLANG_WARN_SUSPICIOUS_MOVE = YES;
				CLANG_WARN_UNGUARDED_AVAILABILITY = YES_AGGRESSIVE;
				CLANG_WARN_UNREACHABLE_CODE = YES;
				CLANG_WARN__DUPLICATE_METHOD_MATCH = YES;
				COPY_PHASE_STRIP = NO;
				DEBUG_INFORMATION_FORMAT = dwarf;
				ENABLE_STRICT_OBJC_MSGSEND = YES;
				ENABLE_TESTABILITY = YES;
				GCC_C_LANGUAGE_STANDARD = gnu11;
				GCC_DYNAMIC_NO_PIC = NO;
				GCC_NO_COMMON_BLOCKS = YES;
				GCC_OPTIMIZATION_LEVEL = 0;
				GCC_PREPROCESSOR_DEFINITIONS = (
					"DEBUG=1",
					"$(inherited)",
				);
				GCC_WARN_64_TO_32_BIT_CONVERSION = YES;
				GCC_WARN_ABOUT_RETURN_TYPE = YES_ERROR;
				GCC_WARN_UNDECLARED_SELECTOR = YES;
				GCC_WARN_UNINITIALIZED_AUTOS = YES_AGGRESSIVE;
				GCC_WARN_UNUSED_FUNCTION = YES;
				GCC_WARN_UNUSED_VARIABLE = YES;
				IPHONEOS_DEPLOYMENT_TARGET = 15.2;
				MTL_ENABLE_DEBUG_INFO = INCLUDE_SOURCE;
				MTL_FAST_MATH = YES;
				ONLY_ACTIVE_ARCH = YES;
				SDKROOT = iphoneos;
				SWIFT_ACTIVE_COMPILATION_CONDITIONS = DEBUG;
				SWIFT_OPTIMIZATION_LEVEL = "-Onone";
			};
			name = Debug;
		};
		912DE3362811F9280020B414 /* Release */ = {
			isa = XCBuildConfiguration;
			buildSettings = {
				ALWAYS_SEARCH_USER_PATHS = NO;
				CLANG_ANALYZER_NONNULL = YES;
				CLANG_ANALYZER_NUMBER_OBJECT_CONVERSION = YES_AGGRESSIVE;
				CLANG_CXX_LANGUAGE_STANDARD = "gnu++17";
				CLANG_CXX_LIBRARY = "libc++";
				CLANG_ENABLE_MODULES = YES;
				CLANG_ENABLE_OBJC_ARC = YES;
				CLANG_ENABLE_OBJC_WEAK = YES;
				CLANG_WARN_BLOCK_CAPTURE_AUTORELEASING = YES;
				CLANG_WARN_BOOL_CONVERSION = YES;
				CLANG_WARN_COMMA = YES;
				CLANG_WARN_CONSTANT_CONVERSION = YES;
				CLANG_WARN_DEPRECATED_OBJC_IMPLEMENTATIONS = YES;
				CLANG_WARN_DIRECT_OBJC_ISA_USAGE = YES_ERROR;
				CLANG_WARN_DOCUMENTATION_COMMENTS = YES;
				CLANG_WARN_EMPTY_BODY = YES;
				CLANG_WARN_ENUM_CONVERSION = YES;
				CLANG_WARN_INFINITE_RECURSION = YES;
				CLANG_WARN_INT_CONVERSION = YES;
				CLANG_WARN_NON_LITERAL_NULL_CONVERSION = YES;
				CLANG_WARN_OBJC_IMPLICIT_RETAIN_SELF = YES;
				CLANG_WARN_OBJC_LITERAL_CONVERSION = YES;
				CLANG_WARN_OBJC_ROOT_CLASS = YES_ERROR;
				CLANG_WARN_QUOTED_INCLUDE_IN_FRAMEWORK_HEADER = YES;
				CLANG_WARN_RANGE_LOOP_ANALYSIS = YES;
				CLANG_WARN_STRICT_PROTOTYPES = YES;
				CLANG_WARN_SUSPICIOUS_MOVE = YES;
				CLANG_WARN_UNGUARDED_AVAILABILITY = YES_AGGRESSIVE;
				CLANG_WARN_UNREACHABLE_CODE = YES;
				CLANG_WARN__DUPLICATE_METHOD_MATCH = YES;
				COPY_PHASE_STRIP = NO;
				DEBUG_INFORMATION_FORMAT = "dwarf-with-dsym";
				ENABLE_NS_ASSERTIONS = NO;
				ENABLE_STRICT_OBJC_MSGSEND = YES;
				GCC_C_LANGUAGE_STANDARD = gnu11;
				GCC_NO_COMMON_BLOCKS = YES;
				GCC_WARN_64_TO_32_BIT_CONVERSION = YES;
				GCC_WARN_ABOUT_RETURN_TYPE = YES_ERROR;
				GCC_WARN_UNDECLARED_SELECTOR = YES;
				GCC_WARN_UNINITIALIZED_AUTOS = YES_AGGRESSIVE;
				GCC_WARN_UNUSED_FUNCTION = YES;
				GCC_WARN_UNUSED_VARIABLE = YES;
				IPHONEOS_DEPLOYMENT_TARGET = 15.2;
				MTL_ENABLE_DEBUG_INFO = NO;
				MTL_FAST_MATH = YES;
				SDKROOT = iphoneos;
				SWIFT_COMPILATION_MODE = wholemodule;
				SWIFT_OPTIMIZATION_LEVEL = "-O";
				VALIDATE_PRODUCT = YES;
			};
			name = Release;
		};
		912DE3382811F9280020B414 /* Debug */ = {
			isa = XCBuildConfiguration;
			buildSettings = {
				ASSETCATALOG_COMPILER_APPICON_NAME = AppIcon;
				ASSETCATALOG_COMPILER_GLOBAL_ACCENT_COLOR_NAME = AccentColor;
				CODE_SIGN_STYLE = Automatic;
				CURRENT_PROJECT_VERSION = 1;
				GENERATE_INFOPLIST_FILE = YES;
				INFOPLIST_FILE = NoteBookSchool/Info.plist;
				INFOPLIST_KEY_UIApplicationSupportsIndirectInputEvents = YES;
				INFOPLIST_KEY_UILaunchStoryboardName = LaunchScreen;
				INFOPLIST_KEY_UIMainStoryboardFile = Main;
				INFOPLIST_KEY_UISupportedInterfaceOrientations_iPad = "UIInterfaceOrientationPortrait UIInterfaceOrientationPortraitUpsideDown UIInterfaceOrientationLandscapeLeft UIInterfaceOrientationLandscapeRight";
				INFOPLIST_KEY_UISupportedInterfaceOrientations_iPhone = "UIInterfaceOrientationPortrait UIInterfaceOrientationLandscapeLeft UIInterfaceOrientationLandscapeRight";
				LD_RUNPATH_SEARCH_PATHS = (
					"$(inherited)",
					"@executable_path/Frameworks",
				);
				MARKETING_VERSION = 1.0;
				PRODUCT_BUNDLE_IDENTIFIER = com.NoteBookSchool;
				PRODUCT_NAME = "$(TARGET_NAME)";
				SWIFT_EMIT_LOC_STRINGS = YES;
				SWIFT_VERSION = 5.0;
				TARGETED_DEVICE_FAMILY = "1,2";
			};
			name = Debug;
		};
		912DE3392811F9280020B414 /* Release */ = {
			isa = XCBuildConfiguration;
			buildSettings = {
				ASSETCATALOG_COMPILER_APPICON_NAME = AppIcon;
				ASSETCATALOG_COMPILER_GLOBAL_ACCENT_COLOR_NAME = AccentColor;
				CODE_SIGN_STYLE = Automatic;
				CURRENT_PROJECT_VERSION = 1;
				GENERATE_INFOPLIST_FILE = YES;
				INFOPLIST_FILE = NoteBookSchool/Info.plist;
				INFOPLIST_KEY_UIApplicationSupportsIndirectInputEvents = YES;
				INFOPLIST_KEY_UILaunchStoryboardName = LaunchScreen;
				INFOPLIST_KEY_UIMainStoryboardFile = Main;
				INFOPLIST_KEY_UISupportedInterfaceOrientations_iPad = "UIInterfaceOrientationPortrait UIInterfaceOrientationPortraitUpsideDown UIInterfaceOrientationLandscapeLeft UIInterfaceOrientationLandscapeRight";
				INFOPLIST_KEY_UISupportedInterfaceOrientations_iPhone = "UIInterfaceOrientationPortrait UIInterfaceOrientationLandscapeLeft UIInterfaceOrientationLandscapeRight";
				LD_RUNPATH_SEARCH_PATHS = (
					"$(inherited)",
					"@executable_path/Frameworks",
				);
				MARKETING_VERSION = 1.0;
				PRODUCT_BUNDLE_IDENTIFIER = com.NoteBookSchool;
				PRODUCT_NAME = "$(TARGET_NAME)";
				SWIFT_EMIT_LOC_STRINGS = YES;
				SWIFT_VERSION = 5.0;
				TARGETED_DEVICE_FAMILY = "1,2";
			};
			name = Release;
		};
/* End XCBuildConfiguration section */

/* Begin XCConfigurationList section */
		912DE31B2811F9280020B414 /* Build configuration list for PBXProject "NoteBookSchool" */ = {
			isa = XCConfigurationList;
			buildConfigurations = (
				912DE3352811F9280020B414 /* Debug */,
				912DE3362811F9280020B414 /* Release */,
			);
			defaultConfigurationIsVisible = 0;
			defaultConfigurationName = Release;
		};
		912DE3372811F9280020B414 /* Build configuration list for PBXNativeTarget "NoteBookSchool" */ = {
			isa = XCConfigurationList;
			buildConfigurations = (
				912DE3382811F9280020B414 /* Debug */,
				912DE3392811F9280020B414 /* Release */,
			);
			defaultConfigurationIsVisible = 0;
			defaultConfigurationName = Release;
		};
/* End XCConfigurationList section */

/* Begin XCVersionGroup section */
		912DE32C2811F9280020B414 /* NoteBookSchool.xcdatamodeld */ = {
			isa = XCVersionGroup;
			children = (
				912DE32D2811F9280020B414 /* NoteBookSchool.xcdatamodel */,
			);
			currentVersion = 912DE32D2811F9280020B414 /* NoteBookSchool.xcdatamodel */;
			path = NoteBookSchool.xcdatamodeld;
			sourceTree = "<group>";
			versionGroupType = wrapper.xcdatamodel;
		};
/* End XCVersionGroup section */
	};
	rootObject = 912DE3182811F9280020B414 /* Project object */;
}
